github.com/panjf2000/ants v1.3.0 h1:8pQ+8leaLc9lys2viEEr8md0U4RN6uOSUCE9bOYjQ9M=
github.com/panjf2000/ants v1.3.0/go.mod h1:AaACblRPzq35m1g3enqYcxspbbiOJJYaxU2wMpm1cXY=
github.com/pzqf/zUtil v0.0.0-20220513071314-ccdedab5cbbe h1:EgPBihWmVte8HpXnGp4TzJyCQ7uewwaPFznPFZ93th0=
github.com/pzqf/zUtil v0.0.0-20220513071314-ccdedab5cbbe/go.mod h1:J7qqBl3TOKcEtWYSRaX1Pa47SHtgoiE9ZxFsXzbIlWE=
